// !$*UTF8*$!
{
	archiveVersion = 1;
	classes = {
	};
	objectVersion = 46;
	objects = {

/* Begin PBXBuildFile section */
		FD0971C51C8548FC00FDB89A /* main.m in Sources */ = {isa = PBXBuildFile; fileRef = FD0971C41C8548FC00FDB89A /* main.m */; };
		FD0971C81C8548FC00FDB89A /* AppDelegate.m in Sources */ = {isa = PBXBuildFile; fileRef = FD0971C71C8548FC00FDB89A /* AppDelegate.m */; };
		FD0971CE1C8548FC00FDB89A /* Main.storyboard in Resources */ = {isa = PBXBuildFile; fileRef = FD0971CC1C8548FC00FDB89A /* Main.storyboard */; };
		FD0971D01C8548FC00FDB89A /* Assets.xcassets in Resources */ = {isa = PBXBuildFile; fileRef = FD0971CF1C8548FC00FDB89A /* Assets.xcassets */; };
		FD0971D31C8548FC00FDB89A /* LaunchScreen.storyboard in Resources */ = {isa = PBXBuildFile; fileRef = FD0971D11C8548FC00FDB89A /* LaunchScreen.storyboard */; };
		FD0971DC1C857F0B00FDB89A /* HomeViewController.m in Sources */ = {isa = PBXBuildFile; fileRef = FD0971DB1C857F0B00FDB89A /* HomeViewController.m */; };
		FD0971E21C85801C00FDB89A /* Interest.m in Sources */ = {isa = PBXBuildFile; fileRef = FD0971E11C85801C00FDB89A /* Interest.m */; };
		FD0971E51C8581B600FDB89A /* InterestCollectionViewCell.m in Sources */ = {isa = PBXBuildFile; fileRef = FD0971E41C8581B600FDB89A /* InterestCollectionViewCell.m */; };
		FD0EC5DF1C85DF0D00354E9F /* IntrestList.plist in Resources */ = {isa = PBXBuildFile; fileRef = FD0EC5DE1C85DF0D00354E9F /* IntrestList.plist */; };
/* End PBXBuildFile section */

/* Begin PBXFileReference section */
		FD0971C01C8548FB00FDB89A /* CarouselEffect.app */ = {isa = PBXFileReference; explicitFileType = wrapper.application; includeInIndex = 0; path = CarouselEffect.app; sourceTree = BUILT_PRODUCTS_DIR; };
		FD0971C41C8548FC00FDB89A /* main.m */ = {isa = PBXFileReference; lastKnownFileType = sourcecode.c.objc; path = main.m; sourceTree = "<group>"; };
		FD0971C61C8548FC00FDB89A /* AppDelegate.h */ = {isa = PBXFileReference; lastKnownFileType = sourcecode.c.h; path = AppDelegate.h; sourceTree = "<group>"; };
		FD0971C71C8548FC00FDB89A /* AppDelegate.m */ = {isa = PBXFileReference; lastKnownFileType = sourcecode.c.objc; path = AppDelegate.m; sourceTree = "<group>"; };
		FD0971CD1C8548FC00FDB89A /* Base */ = {isa = PBXFileReference; lastKnownFileType = file.storyboard; name = Base; path = Base.lproj/Main.storyboard; sourceTree = "<group>"; };
		FD0971CF1C8548FC00FDB89A /* Assets.xcassets */ = {isa = PBXFileReference; lastKnownFileType = folder.assetcatalog; path = Assets.xcassets; sourceTree = "<group>"; };
		FD0971D21C8548FC00FDB89A /* Base */ = {isa = PBXFileReference; lastKnownFileType = file.storyboard; name = Base; path = Base.lproj/LaunchScreen.storyboard; sourceTree = "<group>"; };
		FD0971D41C8548FC00FDB89A /* Info.plist */ = {isa = PBXFileReference; lastKnownFileType = text.plist.xml; path = Info.plist; sourceTree = "<group>"; };
		FD0971DA1C857F0B00FDB89A /* HomeViewController.h */ = {isa = PBXFileReference; fileEncoding = 4; lastKnownFileType = sourcecode.c.h; path = HomeViewController.h; sourceTree = "<group>"; };
		FD0971DB1C857F0B00FDB89A /* HomeViewController.m */ = {isa = PBXFileReference; fileEncoding = 4; lastKnownFileType = sourcecode.c.objc; path = HomeViewController.m; sourceTree = "<group>"; };
		FD0971E01C85801C00FDB89A /* Interest.h */ = {isa = PBXFileReference; fileEncoding = 4; lastKnownFileType = sourcecode.c.h; path = Interest.h; sourceTree = "<group>"; };
		FD0971E11C85801C00FDB89A /* Interest.m */ = {isa = PBXFileReference; fileEncoding = 4; lastKnownFileType = sourcecode.c.objc; path = Interest.m; sourceTree = "<group>"; };
		FD0971E31C8581B600FDB89A /* InterestCollectionViewCell.h */ = {isa = PBXFileReference; fileEncoding = 4; lastKnownFileType = sourcecode.c.h; path = InterestCollectionViewCell.h; sourceTree = "<group>"; };
		FD0971E41C8581B600FDB89A /* InterestCollectionViewCell.m */ = {isa = PBXFileReference; fileEncoding = 4; lastKnownFileType = sourcecode.c.objc; path = InterestCollectionViewCell.m; sourceTree = "<group>"; };
		FD0EC5DE1C85DF0D00354E9F /* IntrestList.plist */ = {isa = PBXFileReference; fileEncoding = 4; lastKnownFileType = text.plist.xml; path = IntrestList.plist; sourceTree = "<group>"; };
/* End PBXFileReference section */

/* Begin PBXFrameworksBuildPhase section */
		FD0971BD1C8548FB00FDB89A /* Frameworks */ = {
			isa = PBXFrameworksBuildPhase;
			buildActionMask = 2147483647;
			files = (
			);
			runOnlyForDeploymentPostprocessing = 0;
		};
/* End PBXFrameworksBuildPhase section */

/* Begin PBXGroup section */
		FD0971B71C8548FB00FDB89A = {
			isa = PBXGroup;
			children = (
				FD0971C21C8548FC00FDB89A /* CarouselEffect */,
				FD0971C11C8548FB00FDB89A /* Products */,
			);
			sourceTree = "<group>";
		};
		FD0971C11C8548FB00FDB89A /* Products */ = {
			isa = PBXGroup;
			children = (
				FD0971C01C8548FB00FDB89A /* CarouselEffect.app */,
			);
			name = Products;
			sourceTree = "<group>";
		};
		FD0971C21C8548FC00FDB89A /* CarouselEffect */ = {
			isa = PBXGroup;
			children = (
				FD0971C61C8548FC00FDB89A /* AppDelegate.h */,
				FD0971C71C8548FC00FDB89A /* AppDelegate.m */,
				FD0971CC1C8548FC00FDB89A /* Main.storyboard */,
				FD0971DA1C857F0B00FDB89A /* HomeViewController.h */,
				FD0971DB1C857F0B00FDB89A /* HomeViewController.m */,
				FD0971E31C8581B600FDB89A /* InterestCollectionViewCell.h */,
				FD0971E41C8581B600FDB89A /* InterestCollectionViewCell.m */,
				FD0971E01C85801C00FDB89A /* Interest.h */,
				FD0971E11C85801C00FDB89A /* Interest.m */,
				FD0EC5DE1C85DF0D00354E9F /* IntrestList.plist */,
				FD0971CF1C8548FC00FDB89A /* Assets.xcassets */,
				FD0971D11C8548FC00FDB89A /* LaunchScreen.storyboard */,
				FD0971C31C8548FC00FDB89A /* Supporting Files */,
			);
			path = CarouselEffect;
			sourceTree = "<group>";
		};
		FD0971C31C8548FC00FDB89A /* Supporting Files */ = {
			isa = PBXGroup;
			children = (
				FD0971D41C8548FC00FDB89A /* Info.plist */,
				FD0971C41C8548FC00FDB89A /* main.m */,
			);
			name = "Supporting Files";
			sourceTree = "<group>";
		};
/* End PBXGroup section */

/* Begin PBXNativeTarget section */
		FD0971BF1C8548FB00FDB89A /* CarouselEffect */ = {
			isa = PBXNativeTarget;
			buildConfigurationList = FD0971D71C8548FC00FDB89A /* Build configuration list for PBXNativeTarget "CarouselEffect" */;
			buildPhases = (
				FD0971BC1C8548FB00FDB89A /* Sources */,
				FD0971BD1C8548FB00FDB89A /* Frameworks */,
				FD0971BE1C8548FB00FDB89A /* Resources */,
			);
			buildRules = (
			);
			dependencies = (
			);
			name = CarouselEffect;
			productName = CarouselEffect;
			productReference = FD0971C01C8548FB00FDB89A /* CarouselEffect.app */;
			productType = "com.apple.product-type.application";
		};
/* End PBXNativeTarget section */

/* Begin PBXProject section */
		FD0971B81C8548FB00FDB89A /* Project object */ = {
			isa = PBXProject;
			attributes = {
				LastUpgradeCheck = 0720;
				ORGANIZATIONNAME = thanksdanny;
				TargetAttributes = {
					FD0971BF1C8548FB00FDB89A = {
						CreatedOnToolsVersion = 7.2.1;
					};
				};
			};
			buildConfigurationList = FD0971BB1C8548FB00FDB89A /* Build configuration list for PBXProject "CarouselEffect" */;
			compatibilityVersion = "Xcode 3.2";
			developmentRegion = English;
			hasScannedForEncodings = 0;
			knownRegions = (
				en,
				Base,
			);
			mainGroup = FD0971B71C8548FB00FDB89A;
			productRefGroup = FD0971C11C8548FB00FDB89A /* Products */;
			projectDirPath = "";
			projectRoot = "";
			targets = (
				FD0971BF1C8548FB00FDB89A /* CarouselEffect */,
			);
		};
/* End PBXProject section */

/* Begin PBXResourcesBuildPhase section */
		FD0971BE1C8548FB00FDB89A /* Resources */ = {
			isa = PBXResourcesBuildPhase;
			buildActionMask = 2147483647;
			files = (
				FD0EC5DF1C85DF0D00354E9F /* IntrestList.plist in Resources */,
				FD0971D31C8548FC00FDB89A /* LaunchScreen.storyboard in Resources */,
				FD0971D01C8548FC00FDB89A /* Assets.xcassets in Resources */,
				FD0971CE1C8548FC00FDB89A /* Main.storyboard in Resources */,
			);
			runOnlyForDeploymentPostprocessing = 0;
		};
/* End PBXResourcesBuildPhase section */

/* Begin PBXSourcesBuildPhase section */
		FD0971BC1C8548FB00FDB89A /* Sources */ = {
			isa = PBXSourcesBuildPhase;
			buildActionMask = 2147483647;
			files = (
				FD0971C81C8548FC00FDB89A /* AppDelegate.m in Sources */,
				FD0971E21C85801C00FDB89A /* Interest.m in Sources */,
				FD0971E51C8581B600FDB89A /* InterestCollectionViewCell.m in Sources */,
				FD0971C51C8548FC00FDB89A /* main.m in Sources */,
				FD0971DC1C857F0B00FDB89A /* HomeViewController.m in Sources */,
			);
			runOnlyForDeploymentPostprocessing = 0;
		};
/* End PBXSourcesBuildPhase section */

/* Begin PBXVariantGroup section */
		FD0971CC1C8548FC00FDB89A /* Main.storyboard */ = {
			isa = PBXVariantGroup;
			children = (
				FD0971CD1C8548FC00FDB89A /* Base */,
			);
			name = Main.storyboard;
			sourceTree = "<group>";
		};
		FD0971D11C8548FC00FDB89A /* LaunchScreen.storyboard */ = {
			isa = PBXVariantGroup;
			children = (
				FD0971D21C8548FC00FDB89A /* Base */,
			);
			name = LaunchScreen.storyboard;
			sourceTree = "<group>";
		};
/* End PBXVariantGroup section */

/* Begin XCBuildConfiguration section */
		FD0971D51C8548FC00FDB89A /* Debug */ = {
			isa = XCBuildConfiguration;
			buildSettings = {
				ALWAYS_SEARCH_USER_PATHS = NO;
				CLANG_CXX_LANGUAGE_STANDARD = "gnu++0x";
				CLANG_CXX_LIBRARY = "libc++";
				CLANG_ENABLE_MODULES = YES;
				CLANG_ENABLE_OBJC_ARC = YES;
				CLANG_WARN_BOOL_CONVERSION = YES;
				CLANG_WARN_CONSTANT_CONVERSION = YES;
				CLANG_WARN_DIRECT_OBJC_ISA_USAGE = YES_ERROR;
				CLANG_WARN_EMPTY_BODY = YES;
				CLANG_WARN_ENUM_CONVERSION = YES;
				CLANG_WARN_INT_CONVERSION = YES;
				CLANG_WARN_OBJC_ROOT_CLASS = YES_ERROR;
				CLANG_WARN_UNREACHABLE_CODE = YES;
				CLANG_WARN__DUPLICATE_METHOD_MATCH = YES;
				"CODE_SIGN_IDENTITY[sdk=iphoneos*]" = "iPhone Developer";
				COPY_PHASE_STRIP = NO;
				DEBUG_INFORMATION_FORMAT = dwarf;
				ENABLE_STRICT_OBJC_MSGSEND = YES;
				ENABLE_TESTABILITY = YES;
				GCC_C_LANGUAGE_STANDARD = gnu99;
				GCC_DYNAMIC_NO_PIC = NO;
				GCC_NO_COMMON_BLOCKS = YES;
				GCC_OPTIMIZATION_LEVEL = 0;
				GCC_PREPROCESSOR_DEFINITIONS = (
					"DEBUG=1",
					"$(inherited)",
				);
				GCC_WARN_64_TO_32_BIT_CONVERSION = YES;
				GCC_WARN_ABOUT_RETURN_TYPE = YES_ERROR;
				GCC_WARN_UNDECLARED_SELECTOR = YES;
				GCC_WARN_UNINITIALIZED_AUTOS = YES_AGGRESSIVE;
				GCC_WARN_UNUSED_FUNCTION = YES;
				GCC_WARN_UNUSED_VARIABLE = YES;
				IPHONEOS_DEPLOYMENT_TARGET = 9.2;
				MTL_ENABLE_DEBUG_INFO = YES;
				ONLY_ACTIVE_ARCH = YES;
				SDKROOT = iphoneos;
			};
			name = Debug;
		};
		FD0971D61C8548FC00FDB89A /* Release */ = {
			isa = XCBuildConfiguration;
			buildSettings = {
				ALWAYS_SEARCH_USER_PATHS = NO;
				CLANG_CXX_LANGUAGE_STANDARD = "gnu++0x";
				CLANG_CXX_LIBRARY = "libc++";
				CLANG_ENABLE_MODULES = YES;
				CLANG_ENABLE_OBJC_ARC = YES;
				CLANG_WARN_BOOL_CONVERSION = YES;
				CLANG_WARN_CONSTANT_CONVERSION = YES;
				CLANG_WARN_DIRECT_OBJC_ISA_USAGE = YES_ERROR;
				CLANG_WARN_EMPTY_BODY = YES;
				CLANG_WARN_ENUM_CONVERSION = YES;
				CLANG_WARN_INT_CONVERSION = YES;
				CLANG_WARN_OBJC_ROOT_CLASS = YES_ERROR;
				CLANG_WARN_UNREACHABLE_CODE = YES;
				CLANG_WARN__DUPLICATE_METHOD_MATCH = YES;
				"CODE_SIGN_IDENTITY[sdk=iphoneos*]" = "iPhone Developer";
				COPY_PHASE_STRIP = NO;
				DEBUG_INFORMATION_FORMAT = "dwarf-with-dsym";
				ENABLE_NS_ASSERTIONS = NO;
				ENABLE_STRICT_OBJC_MSGSEND = YES;
				GCC_C_LANGUAGE_STANDARD = gnu99;
				GCC_NO_COMMON_BLOCKS = YES;
				GCC_WARN_64_TO_32_BIT_CONVERSION = YES;
				GCC_WARN_ABOUT_RETURN_TYPE = YES_ERROR;
				GCC_WARN_UNDECLARED_SELECTOR = YES;
				GCC_WARN_UNINITIALIZED_AUTOS = YES_AGGRESSIVE;
				GCC_WARN_UNUSED_FUNCTION = YES;
				GCC_WARN_UNUSED_VARIABLE = YES;
				IPHONEOS_DEPLOYMENT_TARGET = 9.2;
				MTL_ENABLE_DEBUG_INFO = NO;
				SDKROOT = iphoneos;
				VALIDATE_PRODUCT = YES;
			};
			name = Release;
		};
		FD0971D81C8548FC00FDB89A /* Debug */ = {
			isa = XCBuildConfiguration;
			buildSettings = {
				ASSETCATALOG_COMPILER_APPICON_NAME = AppIcon;
				INFOPLIST_FILE = CarouselEffect/Info.plist;
				LD_RUNPATH_SEARCH_PATHS = "$(inherited) @executable_path/Frameworks";
				PRODUCT_BUNDLE_IDENTIFIER = com.thanksdanny.CarouselEffect;
				PRODUCT_NAME = "$(TARGET_NAME)";
			};
			name = Debug;
		};
		FD0971D91C8548FC00FDB89A /* Release */ = {
			isa = XCBuildConfiguration;
			buildSettings = {
				ASSETCATALOG_COMPILER_APPICON_NAME = AppIcon;
				INFOPLIST_FILE = CarouselEffect/Info.plist;
				LD_RUNPATH_SEARCH_PATHS = "$(inherited) @executable_path/Frameworks";
				PRODUCT_BUNDLE_IDENTIFIER = com.thanksdanny.CarouselEffect;
				PRODUCT_NAME = "$(TARGET_NAME)";
			};
			name = Release;
		};
/* End XCBuildConfiguration section */

/* Begin XCConfigurationList section */
		FD0971BB1C8548FB00FDB89A /* Build configuration list for PBXProject "CarouselEffect" */ = {
			isa = XCConfigurationList;
			buildConfigurations = (
				FD0971D51C8548FC00FDB89A /* Debug */,
				FD0971D61C8548FC00FDB89A /* Release */,
			);
			defaultConfigurationIsVisible = 0;
			defaultConfigurationName = Release;
		};
		FD0971D71C8548FC00FDB89A /* Build configuration list for PBXNativeTarget "CarouselEffect" */ = {
			isa = XCConfigurationList;
			buildConfigurations = (
				FD0971D81C8548FC00FDB89A /* Debug */,
				FD0971D91C8548FC00FDB89A /* Release */,
			);
			defaultConfigurationIsVisible = 0;
			defaultConfigurationName = Release;
		};
/* End XCConfigurationList section */
	};
	rootObject = FD0971B81C8548FB00FDB89A /* Project object */;
}
